PODS:
  - DifferenceKit (1.1.1):
    - DifferenceKit/Core (= 1.1.1)
    - DifferenceKit/UIKitExtension (= 1.1.1)
  - DifferenceKit/Core (1.1.1)
  - DifferenceKit/UIKitExtension (1.1.1):
    - DifferenceKit/Core
  - RxCocoa (5.0.0):
    - RxRelay (~> 5)
    - RxSwift (~> 5)
  - RxRelay (5.0.0):
    - RxSwift (~> 5)
  - RxSwift (5.0.0)

DEPENDENCIES:
  - DifferenceKit
  - RxCocoa
  - RxSwift

SPEC REPOS:
  https://github.com/cocoapods/specs.git:
    - DifferenceKit
    - RxCocoa
    - RxRelay
    - RxSwift

SPEC CHECKSUMS:
  DifferenceKit: cf1b84e2207ea45c3640381cb229cf46c1647466
  RxCocoa: fcf32050ac00d801f34a7f71d5e8e7f23026dcd8
  RxRelay: 4f7409406a51a55cd88483f21ed898c234d60f18
  RxSwift: 8b0671caa829a763bbce7271095859121cbd895f

PODFILE CHECKSUM: 3d7b09d7877be254f7bef2fe3ee1692998ce319b

COCOAPODS: 1.5.3
