// !$*UTF8*$!
{
	archiveVersion = 1;
	classes = {
	};
	objectVersion = 55;
	objects = {

/* Begin PBXBuildFile section */
		711EED752736F7F100F32157 /* AppDelegate.swift in Sources */ = {isa = PBXBuildFile; fileRef = 711EED742736F7F100F32157 /* AppDelegate.swift */; };
		711EED7E2736F7F200F32157 /* Assets.xcassets in Resources */ = {isa = PBXBuildFile; fileRef = 711EED7D2736F7F200F32157 /* Assets.xcassets */; };
		711EED812736F7F200F32157 /* LaunchScreen.storyboard in Resources */ = {isa = PBXBuildFile; fileRef = 711EED7F2736F7F200F32157 /* LaunchScreen.storyboard */; };
		711EED8C2736F7F200F32157 /* RxMultiCounterTests.swift in Sources */ = {isa = PBXBuildFile; fileRef = 711EED8B2736F7F200F32157 /* RxMultiCounterTests.swift */; };
		711EEDAA2736FA1C00F32157 /* MasterLogic.swift in Sources */ = {isa = PBXBuildFile; fileRef = 711EEDA62736FA1C00F32157 /* MasterLogic.swift */; };
		711EEDAB2736FA1C00F32157 /* MasterViewController.storyboard in Resources */ = {isa = PBXBuildFile; fileRef = 711EEDA72736FA1C00F32157 /* MasterViewController.storyboard */; };
		711EEDAC2736FA1C00F32157 /* MasterViewController.swift in Sources */ = {isa = PBXBuildFile; fileRef = 711EEDA82736FA1C00F32157 /* MasterViewController.swift */; };
		711EEDAD2736FA1C00F32157 /* MasterConnections.swift in Sources */ = {isa = PBXBuildFile; fileRef = 711EEDA92736FA1C00F32157 /* MasterConnections.swift */; };
		711EEDAF273703DA00F32157 /* Split.swift in Sources */ = {isa = PBXBuildFile; fileRef = 711EEDAE273703DA00F32157 /* Split.swift */; };
		711EEDB42737071400F32157 /* UISplitViewController+Rx.swift in Sources */ = {isa = PBXBuildFile; fileRef = 711EEDB32737071400F32157 /* UISplitViewController+Rx.swift */; };
		71E22BCF273831AF00A90FFD /* CounterDisplay.swift in Sources */ = {isa = PBXBuildFile; fileRef = 71E22BCE273831AF00A90FFD /* CounterDisplay.swift */; };
		71E384BC273736200055B227 /* DetailLogic.swift in Sources */ = {isa = PBXBuildFile; fileRef = 71E384B8273736200055B227 /* DetailLogic.swift */; };
		71E384BD273736200055B227 /* DetailViewController.swift in Sources */ = {isa = PBXBuildFile; fileRef = 71E384B9273736200055B227 /* DetailViewController.swift */; };
		71E384BE273736200055B227 /* DetailConnections.swift in Sources */ = {isa = PBXBuildFile; fileRef = 71E384BA273736200055B227 /* DetailConnections.swift */; };
		7A8C845E8154A925207F4F7F /* Pods_RxMultiCounterTests.framework in Frameworks */ = {isa = PBXBuildFile; fileRef = 58B2033E4856C56FC5B15155 /* Pods_RxMultiCounterTests.framework */; };
		7F0179CC7D064AC8D5F4DD0F /* Pods_RxMultiCounter.framework in Frameworks */ = {isa = PBXBuildFile; fileRef = 33C56FDECA62540785840B42 /* Pods_RxMultiCounter.framework */; };
/* End PBXBuildFile section */

/* Begin PBXContainerItemProxy section */
		711EED882736F7F200F32157 /* PBXContainerItemProxy */ = {
			isa = PBXContainerItemProxy;
			containerPortal = 711EED692736F7F100F32157 /* Project object */;
			proxyType = 1;
			remoteGlobalIDString = 711EED702736F7F100F32157;
			remoteInfo = RxMultiCounter;
		};
/* End PBXContainerItemProxy section */

/* Begin PBXFileReference section */
		33C56FDECA62540785840B42 /* Pods_RxMultiCounter.framework */ = {isa = PBXFileReference; explicitFileType = wrapper.framework; includeInIndex = 0; path = Pods_RxMultiCounter.framework; sourceTree = BUILT_PRODUCTS_DIR; };
		4622861B6367872DFB1D0C22 /* Pods-RxMultiCounterTests.release.xcconfig */ = {isa = PBXFileReference; includeInIndex = 1; lastKnownFileType = text.xcconfig; name = "Pods-RxMultiCounterTests.release.xcconfig"; path = "Target Support Files/Pods-RxMultiCounterTests/Pods-RxMultiCounterTests.release.xcconfig"; sourceTree = "<group>"; };
		58B2033E4856C56FC5B15155 /* Pods_RxMultiCounterTests.framework */ = {isa = PBXFileReference; explicitFileType = wrapper.framework; includeInIndex = 0; path = Pods_RxMultiCounterTests.framework; sourceTree = BUILT_PRODUCTS_DIR; };
		711EED712736F7F100F32157 /* RxMultiCounter.app */ = {isa = PBXFileReference; explicitFileType = wrapper.application; includeInIndex = 0; path = RxMultiCounter.app; sourceTree = BUILT_PRODUCTS_DIR; };
		711EED742736F7F100F32157 /* AppDelegate.swift */ = {isa = PBXFileReference; lastKnownFileType = sourcecode.swift; path = AppDelegate.swift; sourceTree = "<group>"; };
		711EED7D2736F7F200F32157 /* Assets.xcassets */ = {isa = PBXFileReference; lastKnownFileType = folder.assetcatalog; path = Assets.xcassets; sourceTree = "<group>"; };
		711EED802736F7F200F32157 /* Base */ = {isa = PBXFileReference; lastKnownFileType = file.storyboard; name = Base; path = Base.lproj/LaunchScreen.storyboard; sourceTree = "<group>"; };
		711EED822736F7F200F32157 /* Info.plist */ = {isa = PBXFileReference; lastKnownFileType = text.plist.xml; path = Info.plist; sourceTree = "<group>"; };
		711EED872736F7F200F32157 /* RxMultiCounterTests.xctest */ = {isa = PBXFileReference; explicitFileType = wrapper.cfbundle; includeInIndex = 0; path = RxMultiCounterTests.xctest; sourceTree = BUILT_PRODUCTS_DIR; };
		711EED8B2736F7F200F32157 /* RxMultiCounterTests.swift */ = {isa = PBXFileReference; lastKnownFileType = sourcecode.swift; path = RxMultiCounterTests.swift; sourceTree = "<group>"; };
		711EEDA62736FA1C00F32157 /* MasterLogic.swift */ = {isa = PBXFileReference; lastKnownFileType = sourcecode.swift; path = MasterLogic.swift; sourceTree = "<group>"; };
		711EEDA72736FA1C00F32157 /* MasterViewController.storyboard */ = {isa = PBXFileReference; lastKnownFileType = file.storyboard; path = MasterViewController.storyboard; sourceTree = "<group>"; };
		711EEDA82736FA1C00F32157 /* MasterViewController.swift */ = {isa = PBXFileReference; lastKnownFileType = sourcecode.swift; path = MasterViewController.swift; sourceTree = "<group>"; };
		711EEDA92736FA1C00F32157 /* MasterConnections.swift */ = {isa = PBXFileReference; lastKnownFileType = sourcecode.swift; path = MasterConnections.swift; sourceTree = "<group>"; };
		711EEDAE273703DA00F32157 /* Split.swift */ = {isa = PBXFileReference; lastKnownFileType = sourcecode.swift; path = Split.swift; sourceTree = "<group>"; };
		711EEDB32737071400F32157 /* UISplitViewController+Rx.swift */ = {isa = PBXFileReference; fileEncoding = 4; lastKnownFileType = sourcecode.swift; path = "UISplitViewController+Rx.swift"; sourceTree = "<group>"; };
		71E22BCE273831AF00A90FFD /* CounterDisplay.swift */ = {isa = PBXFileReference; lastKnownFileType = sourcecode.swift; path = CounterDisplay.swift; sourceTree = "<group>"; };
		71E384B8273736200055B227 /* DetailLogic.swift */ = {isa = PBXFileReference; lastKnownFileType = sourcecode.swift; path = DetailLogic.swift; sourceTree = "<group>"; };
		71E384B9273736200055B227 /* DetailViewController.swift */ = {isa = PBXFileReference; lastKnownFileType = sourcecode.swift; path = DetailViewController.swift; sourceTree = "<group>"; };
		71E384BA273736200055B227 /* DetailConnections.swift */ = {isa = PBXFileReference; lastKnownFileType = sourcecode.swift; path = DetailConnections.swift; sourceTree = "<group>"; };
		D1F2AD9EFAF611C93DBBFD7C /* Pods-RxMultiCounter.debug.xcconfig */ = {isa = PBXFileReference; includeInIndex = 1; lastKnownFileType = text.xcconfig; name = "Pods-RxMultiCounter.debug.xcconfig"; path = "Target Support Files/Pods-RxMultiCounter/Pods-RxMultiCounter.debug.xcconfig"; sourceTree = "<group>"; };
		F926B3AB7E182D43BC44744B /* Pods-RxMultiCounterTests.debug.xcconfig */ = {isa = PBXFileReference; includeInIndex = 1; lastKnownFileType = text.xcconfig; name = "Pods-RxMultiCounterTests.debug.xcconfig"; path = "Target Support Files/Pods-RxMultiCounterTests/Pods-RxMultiCounterTests.debug.xcconfig"; sourceTree = "<group>"; };
		FE69984960AD0D76B7F675D2 /* Pods-RxMultiCounter.release.xcconfig */ = {isa = PBXFileReference; includeInIndex = 1; lastKnownFileType = text.xcconfig; name = "Pods-RxMultiCounter.release.xcconfig"; path = "Target Support Files/Pods-RxMultiCounter/Pods-RxMultiCounter.release.xcconfig"; sourceTree = "<group>"; };
/* End PBXFileReference section */

/* Begin PBXFrameworksBuildPhase section */
		711EED6E2736F7F100F32157 /* Frameworks */ = {
			isa = PBXFrameworksBuildPhase;
			buildActionMask = 2147483647;
			files = (
				7F0179CC7D064AC8D5F4DD0F /* Pods_RxMultiCounter.framework in Frameworks */,
			);
			runOnlyForDeploymentPostprocessing = 0;
		};
		711EED842736F7F200F32157 /* Frameworks */ = {
			isa = PBXFrameworksBuildPhase;
			buildActionMask = 2147483647;
			files = (
				7A8C845E8154A925207F4F7F /* Pods_RxMultiCounterTests.framework in Frameworks */,
			);
			runOnlyForDeploymentPostprocessing = 0;
		};
/* End PBXFrameworksBuildPhase section */

/* Begin PBXGroup section */
		4BAE9D84B7A0BBFE3EEE7F97 /* Pods */ = {
			isa = PBXGroup;
			children = (
				D1F2AD9EFAF611C93DBBFD7C /* Pods-RxMultiCounter.debug.xcconfig */,
				FE69984960AD0D76B7F675D2 /* Pods-RxMultiCounter.release.xcconfig */,
				F926B3AB7E182D43BC44744B /* Pods-RxMultiCounterTests.debug.xcconfig */,
				4622861B6367872DFB1D0C22 /* Pods-RxMultiCounterTests.release.xcconfig */,
			);
			path = Pods;
			sourceTree = "<group>";
		};
		711EED682736F7F100F32157 = {
			isa = PBXGroup;
			children = (
				711EED732736F7F100F32157 /* RxMultiCounter */,
				711EED8A2736F7F200F32157 /* RxMultiCounterTests */,
				711EED722736F7F100F32157 /* Products */,
				4BAE9D84B7A0BBFE3EEE7F97 /* Pods */,
				BC790056B2D69A3EFC484CFB /* Frameworks */,
			);
			sourceTree = "<group>";
		};
		711EED722736F7F100F32157 /* Products */ = {
			isa = PBXGroup;
			children = (
				711EED712736F7F100F32157 /* RxMultiCounter.app */,
				711EED872736F7F200F32157 /* RxMultiCounterTests.xctest */,
			);
			name = Products;
			sourceTree = "<group>";
		};
		711EED732736F7F100F32157 /* RxMultiCounter */ = {
			isa = PBXGroup;
			children = (
				711EED742736F7F100F32157 /* AppDelegate.swift */,
				711EEDA42736F93A00F32157 /* Scenes */,
				711EEDB2273706F200F32157 /* Utilities */,
				711EED7D2736F7F200F32157 /* Assets.xcassets */,
				711EED7F2736F7F200F32157 /* LaunchScreen.storyboard */,
				711EED822736F7F200F32157 /* Info.plist */,
			);
			path = RxMultiCounter;
			sourceTree = "<group>";
		};
		711EED8A2736F7F200F32157 /* RxMultiCounterTests */ = {
			isa = PBXGroup;
			children = (
				711EED8B2736F7F200F32157 /* RxMultiCounterTests.swift */,
			);
			path = RxMultiCounterTests;
			sourceTree = "<group>";
		};
		711EEDA42736F93A00F32157 /* Scenes */ = {
			isa = PBXGroup;
			children = (
				71E22BCE273831AF00A90FFD /* CounterDisplay.swift */,
				71E384B7273736050055B227 /* Detail */,
				711EEDA52736F9F700F32157 /* Master */,
				71E384C2273745690055B227 /* Split */,
			);
			path = Scenes;
			sourceTree = "<group>";
		};
		711EEDA52736F9F700F32157 /* Master */ = {
			isa = PBXGroup;
			children = (
				711EEDA92736FA1C00F32157 /* MasterConnections.swift */,
				711EEDA62736FA1C00F32157 /* MasterLogic.swift */,
				711EEDA72736FA1C00F32157 /* MasterViewController.storyboard */,
				711EEDA82736FA1C00F32157 /* MasterViewController.swift */,
			);
			path = Master;
			sourceTree = "<group>";
		};
		711EEDB2273706F200F32157 /* Utilities */ = {
			isa = PBXGroup;
			children = (
				711EEDB32737071400F32157 /* UISplitViewController+Rx.swift */,
			);
			path = Utilities;
			sourceTree = "<group>";
		};
		71E384B7273736050055B227 /* Detail */ = {
			isa = PBXGroup;
			children = (
				71E384BA273736200055B227 /* DetailConnections.swift */,
				71E384B8273736200055B227 /* DetailLogic.swift */,
				71E384B9273736200055B227 /* DetailViewController.swift */,
			);
			path = Detail;
			sourceTree = "<group>";
		};
		71E384C2273745690055B227 /* Split */ = {
			isa = PBXGroup;
			children = (
				711EEDAE273703DA00F32157 /* Split.swift */,
			);
			path = Split;
			sourceTree = "<group>";
		};
		BC790056B2D69A3EFC484CFB /* Frameworks */ = {
			isa = PBXGroup;
			children = (
				33C56FDECA62540785840B42 /* Pods_RxMultiCounter.framework */,
				58B2033E4856C56FC5B15155 /* Pods_RxMultiCounterTests.framework */,
			);
			name = Frameworks;
			sourceTree = "<group>";
		};
/* End PBXGroup section */

/* Begin PBXNativeTarget section */
		711EED702736F7F100F32157 /* RxMultiCounter */ = {
			isa = PBXNativeTarget;
			buildConfigurationList = 711EED9B2736F7F200F32157 /* Build configuration list for PBXNativeTarget "RxMultiCounter" */;
			buildPhases = (
				7F1B7A2FE06C8DB60E45ADAF /* [CP] Check Pods Manifest.lock */,
				711EED6D2736F7F100F32157 /* Sources */,
				711EED6E2736F7F100F32157 /* Frameworks */,
				711EED6F2736F7F100F32157 /* Resources */,
				0698223B64A9A336A80293DF /* [CP] Embed Pods Frameworks */,
			);
			buildRules = (
			);
			dependencies = (
			);
			name = RxMultiCounter;
			productName = RxMultiCounter;
			productReference = 711EED712736F7F100F32157 /* RxMultiCounter.app */;
			productType = "com.apple.product-type.application";
		};
		711EED862736F7F200F32157 /* RxMultiCounterTests */ = {
			isa = PBXNativeTarget;
			buildConfigurationList = 711EED9E2736F7F200F32157 /* Build configuration list for PBXNativeTarget "RxMultiCounterTests" */;
			buildPhases = (
				613F93D669AE16A110A5D6EB /* [CP] Check Pods Manifest.lock */,
				711EED832736F7F200F32157 /* Sources */,
				711EED842736F7F200F32157 /* Frameworks */,
				711EED852736F7F200F32157 /* Resources */,
				813D1479FBFA97DE72B8C655 /* [CP] Embed Pods Frameworks */,
			);
			buildRules = (
			);
			dependencies = (
				711EED892736F7F200F32157 /* PBXTargetDependency */,
			);
			name = RxMultiCounterTests;
			productName = RxMultiCounterTests;
			productReference = 711EED872736F7F200F32157 /* RxMultiCounterTests.xctest */;
			productType = "com.apple.product-type.bundle.unit-test";
		};
/* End PBXNativeTarget section */

/* Begin PBXProject section */
		711EED692736F7F100F32157 /* Project object */ = {
			isa = PBXProject;
			attributes = {
				BuildIndependentTargetsInParallel = 1;
				LastSwiftUpdateCheck = 1310;
				LastUpgradeCheck = 1500;
				TargetAttributes = {
					711EED702736F7F100F32157 = {
						CreatedOnToolsVersion = 13.1;
					};
					711EED862736F7F200F32157 = {
						CreatedOnToolsVersion = 13.1;
						TestTargetID = 711EED702736F7F100F32157;
					};
				};
			};
			buildConfigurationList = 711EED6C2736F7F100F32157 /* Build configuration list for PBXProject "RxMultiCounter" */;
			compatibilityVersion = "Xcode 13.0";
			developmentRegion = en;
			hasScannedForEncodings = 0;
			knownRegions = (
				en,
				Base,
			);
			mainGroup = 711EED682736F7F100F32157;
			productRefGroup = 711EED722736F7F100F32157 /* Products */;
			projectDirPath = "";
			projectRoot = "";
			targets = (
				711EED702736F7F100F32157 /* RxMultiCounter */,
				711EED862736F7F200F32157 /* RxMultiCounterTests */,
			);
		};
/* End PBXProject section */

/* Begin PBXResourcesBuildPhase section */
		711EED6F2736F7F100F32157 /* Resources */ = {
			isa = PBXResourcesBuildPhase;
			buildActionMask = 2147483647;
			files = (
				711EED812736F7F200F32157 /* LaunchScreen.storyboard in Resources */,
				711EED7E2736F7F200F32157 /* Assets.xcassets in Resources */,
				711EEDAB2736FA1C00F32157 /* MasterViewController.storyboard in Resources */,
			);
			runOnlyForDeploymentPostprocessing = 0;
		};
		711EED852736F7F200F32157 /* Resources */ = {
			isa = PBXResourcesBuildPhase;
			buildActionMask = 2147483647;
			files = (
			);
			runOnlyForDeploymentPostprocessing = 0;
		};
/* End PBXResourcesBuildPhase section */

/* Begin PBXShellScriptBuildPhase section */
		0698223B64A9A336A80293DF /* [CP] Embed Pods Frameworks */ = {
			isa = PBXShellScriptBuildPhase;
			buildActionMask = 2147483647;
			files = (
			);
			inputFileListPaths = (
				"${PODS_ROOT}/Target Support Files/Pods-RxMultiCounter/Pods-RxMultiCounter-frameworks-${CONFIGURATION}-input-files.xcfilelist",
			);
			name = "[CP] Embed Pods Frameworks";
			outputFileListPaths = (
				"${PODS_ROOT}/Target Support Files/Pods-RxMultiCounter/Pods-RxMultiCounter-frameworks-${CONFIGURATION}-output-files.xcfilelist",
			);
			runOnlyForDeploymentPostprocessing = 0;
			shellPath = /bin/sh;
			shellScript = "\"${PODS_ROOT}/Target Support Files/Pods-RxMultiCounter/Pods-RxMultiCounter-frameworks.sh\"\n";
			showEnvVarsInLog = 0;
		};
		613F93D669AE16A110A5D6EB /* [CP] Check Pods Manifest.lock */ = {
			isa = PBXShellScriptBuildPhase;
			buildActionMask = 2147483647;
			files = (
			);
			inputFileListPaths = (
			);
			inputPaths = (
				"${PODS_PODFILE_DIR_PATH}/Podfile.lock",
				"${PODS_ROOT}/Manifest.lock",
			);
			name = "[CP] Check Pods Manifest.lock";
			outputFileListPaths = (
			);
			outputPaths = (
				"$(DERIVED_FILE_DIR)/Pods-RxMultiCounterTests-checkManifestLockResult.txt",
			);
			runOnlyForDeploymentPostprocessing = 0;
			shellPath = /bin/sh;
			shellScript = "diff \"${PODS_PODFILE_DIR_PATH}/Podfile.lock\" \"${PODS_ROOT}/Manifest.lock\" > /dev/null\nif [ $? != 0 ] ; then\n    # print error to STDERR\n    echo \"error: The sandbox is not in sync with the Podfile.lock. Run 'pod install' or update your CocoaPods installation.\" >&2\n    exit 1\nfi\n# This output is used by Xcode 'outputs' to avoid re-running this script phase.\necho \"SUCCESS\" > \"${SCRIPT_OUTPUT_FILE_0}\"\n";
			showEnvVarsInLog = 0;
		};
		7F1B7A2FE06C8DB60E45ADAF /* [CP] Check Pods Manifest.lock */ = {
			isa = PBXShellScriptBuildPhase;
			buildActionMask = 2147483647;
			files = (
			);
			inputFileListPaths = (
			);
			inputPaths = (
				"${PODS_PODFILE_DIR_PATH}/Podfile.lock",
				"${PODS_ROOT}/Manifest.lock",
			);
			name = "[CP] Check Pods Manifest.lock";
			outputFileListPaths = (
			);
			outputPaths = (
				"$(DERIVED_FILE_DIR)/Pods-RxMultiCounter-checkManifestLockResult.txt",
			);
			runOnlyForDeploymentPostprocessing = 0;
			shellPath = /bin/sh;
			shellScript = "diff \"${PODS_PODFILE_DIR_PATH}/Podfile.lock\" \"${PODS_ROOT}/Manifest.lock\" > /dev/null\nif [ $? != 0 ] ; then\n    # print error to STDERR\n    echo \"error: The sandbox is not in sync with the Podfile.lock. Run 'pod install' or update your CocoaPods installation.\" >&2\n    exit 1\nfi\n# This output is used by Xcode 'outputs' to avoid re-running this script phase.\necho \"SUCCESS\" > \"${SCRIPT_OUTPUT_FILE_0}\"\n";
			showEnvVarsInLog = 0;
		};
		813D1479FBFA97DE72B8C655 /* [CP] Embed Pods Frameworks */ = {
			isa = PBXShellScriptBuildPhase;
			buildActionMask = 2147483647;
			files = (
			);
			inputFileListPaths = (
				"${PODS_ROOT}/Target Support Files/Pods-RxMultiCounterTests/Pods-RxMultiCounterTests-frameworks-${CONFIGURATION}-input-files.xcfilelist",
			);
			name = "[CP] Embed Pods Frameworks";
			outputFileListPaths = (
				"${PODS_ROOT}/Target Support Files/Pods-RxMultiCounterTests/Pods-RxMultiCounterTests-frameworks-${CONFIGURATION}-output-files.xcfilelist",
			);
			runOnlyForDeploymentPostprocessing = 0;
			shellPath = /bin/sh;
			shellScript = "\"${PODS_ROOT}/Target Support Files/Pods-RxMultiCounterTests/Pods-RxMultiCounterTests-frameworks.sh\"\n";
			showEnvVarsInLog = 0;
		};
/* End PBXShellScriptBuildPhase section */

/* Begin PBXSourcesBuildPhase section */
		711EED6D2736F7F100F32157 /* Sources */ = {
			isa = PBXSourcesBuildPhase;
			buildActionMask = 2147483647;
			files = (
				71E384BE273736200055B227 /* DetailConnections.swift in Sources */,
				71E384BC273736200055B227 /* DetailLogic.swift in Sources */,
				711EEDAA2736FA1C00F32157 /* MasterLogic.swift in Sources */,
				711EEDB42737071400F32157 /* UISplitViewController+Rx.swift in Sources */,
				711EEDAD2736FA1C00F32157 /* MasterConnections.swift in Sources */,
				711EED752736F7F100F32157 /* AppDelegate.swift in Sources */,
				711EEDAC2736FA1C00F32157 /* MasterViewController.swift in Sources */,
				71E22BCF273831AF00A90FFD /* CounterDisplay.swift in Sources */,
				711EEDAF273703DA00F32157 /* Split.swift in Sources */,
				71E384BD273736200055B227 /* DetailViewController.swift in Sources */,
			);
			runOnlyForDeploymentPostprocessing = 0;
		};
		711EED832736F7F200F32157 /* Sources */ = {
			isa = PBXSourcesBuildPhase;
			buildActionMask = 2147483647;
			files = (
				711EED8C2736F7F200F32157 /* RxMultiCounterTests.swift in Sources */,
			);
			runOnlyForDeploymentPostprocessing = 0;
		};
/* End PBXSourcesBuildPhase section */

/* Begin PBXTargetDependency section */
		711EED892736F7F200F32157 /* PBXTargetDependency */ = {
			isa = PBXTargetDependency;
			target = 711EED702736F7F100F32157 /* RxMultiCounter */;
			targetProxy = 711EED882736F7F200F32157 /* PBXContainerItemProxy */;
		};
/* End PBXTargetDependency section */

/* Begin PBXVariantGroup section */
		711EED7F2736F7F200F32157 /* LaunchScreen.storyboard */ = {
			isa = PBXVariantGroup;
			children = (
				711EED802736F7F200F32157 /* Base */,
			);
			name = LaunchScreen.storyboard;
			sourceTree = "<group>";
		};
/* End PBXVariantGroup section */

/* Begin XCBuildConfiguration section */
		711EED992736F7F200F32157 /* Debug */ = {
			isa = XCBuildConfiguration;
			buildSettings = {
				ALWAYS_SEARCH_USER_PATHS = NO;
				CLANG_ANALYZER_NONNULL = YES;
				CLANG_ANALYZER_NUMBER_OBJECT_CONVERSION = YES_AGGRESSIVE;
				CLANG_CXX_LANGUAGE_STANDARD = "gnu++17";
				CLANG_CXX_LIBRARY = "libc++";
				CLANG_ENABLE_MODULES = YES;
				CLANG_ENABLE_OBJC_ARC = YES;
				CLANG_ENABLE_OBJC_WEAK = YES;
				CLANG_WARN_BLOCK_CAPTURE_AUTORELEASING = YES;
				CLANG_WARN_BOOL_CONVERSION = YES;
				CLANG_WARN_COMMA = YES;
				CLANG_WARN_CONSTANT_CONVERSION = YES;
				CLANG_WARN_DEPRECATED_OBJC_IMPLEMENTATIONS = YES;
				CLANG_WARN_DIRECT_OBJC_ISA_USAGE = YES_ERROR;
				CLANG_WARN_DOCUMENTATION_COMMENTS = YES;
				CLANG_WARN_EMPTY_BODY = YES;
				CLANG_WARN_ENUM_CONVERSION = YES;
				CLANG_WARN_INFINITE_RECURSION = YES;
				CLANG_WARN_INT_CONVERSION = YES;
				CLANG_WARN_NON_LITERAL_NULL_CONVERSION = YES;
				CLANG_WARN_OBJC_IMPLICIT_RETAIN_SELF = YES;
				CLANG_WARN_OBJC_LITERAL_CONVERSION = YES;
				CLANG_WARN_OBJC_ROOT_CLASS = YES_ERROR;
				CLANG_WARN_QUOTED_INCLUDE_IN_FRAMEWORK_HEADER = YES;
				CLANG_WARN_RANGE_LOOP_ANALYSIS = YES;
				CLANG_WARN_STRICT_PROTOTYPES = YES;
				CLANG_WARN_SUSPICIOUS_MOVE = YES;
				CLANG_WARN_UNGUARDED_AVAILABILITY = YES_AGGRESSIVE;
				CLANG_WARN_UNREACHABLE_CODE = YES;
				CLANG_WARN__DUPLICATE_METHOD_MATCH = YES;
				COPY_PHASE_STRIP = NO;
				DEBUG_INFORMATION_FORMAT = dwarf;
				ENABLE_STRICT_OBJC_MSGSEND = YES;
				ENABLE_TESTABILITY = YES;
				GCC_C_LANGUAGE_STANDARD = gnu11;
				GCC_DYNAMIC_NO_PIC = NO;
				GCC_NO_COMMON_BLOCKS = YES;
				GCC_OPTIMIZATION_LEVEL = 0;
				GCC_PREPROCESSOR_DEFINITIONS = (
					"DEBUG=1",
					"$(inherited)",
				);
				GCC_WARN_64_TO_32_BIT_CONVERSION = YES;
				GCC_WARN_ABOUT_RETURN_TYPE = YES_ERROR;
				GCC_WARN_UNDECLARED_SELECTOR = YES;
				GCC_WARN_UNINITIALIZED_AUTOS = YES_AGGRESSIVE;
				GCC_WARN_UNUSED_FUNCTION = YES;
				GCC_WARN_UNUSED_VARIABLE = YES;
				IPHONEOS_DEPLOYMENT_TARGET = 15.6;
				MTL_ENABLE_DEBUG_INFO = INCLUDE_SOURCE;
				MTL_FAST_MATH = YES;
				ONLY_ACTIVE_ARCH = YES;
				SDKROOT = iphoneos;
				SWIFT_ACTIVE_COMPILATION_CONDITIONS = DEBUG;
				SWIFT_OPTIMIZATION_LEVEL = "-Onone";
			};
			name = Debug;
		};
		711EED9A2736F7F200F32157 /* Release */ = {
			isa = XCBuildConfiguration;
			buildSettings = {
				ALWAYS_SEARCH_USER_PATHS = NO;
				CLANG_ANALYZER_NONNULL = YES;
				CLANG_ANALYZER_NUMBER_OBJECT_CONVERSION = YES_AGGRESSIVE;
				CLANG_CXX_LANGUAGE_STANDARD = "gnu++17";
				CLANG_CXX_LIBRARY = "libc++";
				CLANG_ENABLE_MODULES = YES;
				CLANG_ENABLE_OBJC_ARC = YES;
				CLANG_ENABLE_OBJC_WEAK = YES;
				CLANG_WARN_BLOCK_CAPTURE_AUTORELEASING = YES;
				CLANG_WARN_BOOL_CONVERSION = YES;
				CLANG_WARN_COMMA = YES;
				CLANG_WARN_CONSTANT_CONVERSION = YES;
				CLANG_WARN_DEPRECATED_OBJC_IMPLEMENTATIONS = YES;
				CLANG_WARN_DIRECT_OBJC_ISA_USAGE = YES_ERROR;
				CLANG_WARN_DOCUMENTATION_COMMENTS = YES;
				CLANG_WARN_EMPTY_BODY = YES;
				CLANG_WARN_ENUM_CONVERSION = YES;
				CLANG_WARN_INFINITE_RECURSION = YES;
				CLANG_WARN_INT_CONVERSION = YES;
				CLANG_WARN_NON_LITERAL_NULL_CONVERSION = YES;
				CLANG_WARN_OBJC_IMPLICIT_RETAIN_SELF = YES;
				CLANG_WARN_OBJC_LITERAL_CONVERSION = YES;
				CLANG_WARN_OBJC_ROOT_CLASS = YES_ERROR;
				CLANG_WARN_QUOTED_INCLUDE_IN_FRAMEWORK_HEADER = YES;
				CLANG_WARN_RANGE_LOOP_ANALYSIS = YES;
				CLANG_WARN_STRICT_PROTOTYPES = YES;
				CLANG_WARN_SUSPICIOUS_MOVE = YES;
				CLANG_WARN_UNGUARDED_AVAILABILITY = YES_AGGRESSIVE;
				CLANG_WARN_UNREACHABLE_CODE = YES;
				CLANG_WARN__DUPLICATE_METHOD_MATCH = YES;
				COPY_PHASE_STRIP = NO;
				DEBUG_INFORMATION_FORMAT = "dwarf-with-dsym";
				ENABLE_NS_ASSERTIONS = NO;
				ENABLE_STRICT_OBJC_MSGSEND = YES;
				GCC_C_LANGUAGE_STANDARD = gnu11;
				GCC_NO_COMMON_BLOCKS = YES;
				GCC_WARN_64_TO_32_BIT_CONVERSION = YES;
				GCC_WARN_ABOUT_RETURN_TYPE = YES_ERROR;
				GCC_WARN_UNDECLARED_SELECTOR = YES;
				GCC_WARN_UNINITIALIZED_AUTOS = YES_AGGRESSIVE;
				GCC_WARN_UNUSED_FUNCTION = YES;
				GCC_WARN_UNUSED_VARIABLE = YES;
				IPHONEOS_DEPLOYMENT_TARGET = 15.6;
				MTL_ENABLE_DEBUG_INFO = NO;
				MTL_FAST_MATH = YES;
				SDKROOT = iphoneos;
				SWIFT_COMPILATION_MODE = wholemodule;
				SWIFT_OPTIMIZATION_LEVEL = "-O";
				VALIDATE_PRODUCT = YES;
			};
			name = Release;
		};
		711EED9C2736F7F200F32157 /* Debug */ = {
			isa = XCBuildConfiguration;
			baseConfigurationReference = D1F2AD9EFAF611C93DBBFD7C /* Pods-RxMultiCounter.debug.xcconfig */;
			buildSettings = {
				ASSETCATALOG_COMPILER_APPICON_NAME = AppIcon;
				ASSETCATALOG_COMPILER_GLOBAL_ACCENT_COLOR_NAME = AccentColor;
				CODE_SIGN_STYLE = Automatic;
				CURRENT_PROJECT_VERSION = 1;
				GENERATE_INFOPLIST_FILE = YES;
				INFOPLIST_FILE = RxMultiCounter/Info.plist;
				INFOPLIST_KEY_UIApplicationSupportsIndirectInputEvents = YES;
				INFOPLIST_KEY_UILaunchStoryboardName = LaunchScreen;
				INFOPLIST_KEY_UISupportedInterfaceOrientations_iPad = "UIInterfaceOrientationPortrait UIInterfaceOrientationPortraitUpsideDown UIInterfaceOrientationLandscapeLeft UIInterfaceOrientationLandscapeRight";
				INFOPLIST_KEY_UISupportedInterfaceOrientations_iPhone = "UIInterfaceOrientationPortrait UIInterfaceOrientationLandscapeLeft UIInterfaceOrientationLandscapeRight";
				LD_RUNPATH_SEARCH_PATHS = (
					"$(inherited)",
					"@executable_path/Frameworks",
				);
				MARKETING_VERSION = 1.0;
				PRODUCT_BUNDLE_IDENTIFIER = com.google.danielt1263.RxMultiCounter;
				PRODUCT_NAME = "$(TARGET_NAME)";
				SWIFT_EMIT_LOC_STRINGS = YES;
				SWIFT_VERSION = 5.0;
				TARGETED_DEVICE_FAMILY = "1,2";
			};
			name = Debug;
		};
		711EED9D2736F7F200F32157 /* Release */ = {
			isa = XCBuildConfiguration;
			baseConfigurationReference = FE69984960AD0D76B7F675D2 /* Pods-RxMultiCounter.release.xcconfig */;
			buildSettings = {
				ASSETCATALOG_COMPILER_APPICON_NAME = AppIcon;
				ASSETCATALOG_COMPILER_GLOBAL_ACCENT_COLOR_NAME = AccentColor;
				CODE_SIGN_STYLE = Automatic;
				CURRENT_PROJECT_VERSION = 1;
				GENERATE_INFOPLIST_FILE = YES;
				INFOPLIST_FILE = RxMultiCounter/Info.plist;
				INFOPLIST_KEY_UIApplicationSupportsIndirectInputEvents = YES;
				INFOPLIST_KEY_UILaunchStoryboardName = LaunchScreen;
				INFOPLIST_KEY_UISupportedInterfaceOrientations_iPad = "UIInterfaceOrientationPortrait UIInterfaceOrientationPortraitUpsideDown UIInterfaceOrientationLandscapeLeft UIInterfaceOrientationLandscapeRight";
				INFOPLIST_KEY_UISupportedInterfaceOrientations_iPhone = "UIInterfaceOrientationPortrait UIInterfaceOrientationLandscapeLeft UIInterfaceOrientationLandscapeRight";
				LD_RUNPATH_SEARCH_PATHS = (
					"$(inherited)",
					"@executable_path/Frameworks",
				);
				MARKETING_VERSION = 1.0;
				PRODUCT_BUNDLE_IDENTIFIER = com.google.danielt1263.RxMultiCounter;
				PRODUCT_NAME = "$(TARGET_NAME)";
				SWIFT_EMIT_LOC_STRINGS = YES;
				SWIFT_VERSION = 5.0;
				TARGETED_DEVICE_FAMILY = "1,2";
			};
			name = Release;
		};
		711EED9F2736F7F200F32157 /* Debug */ = {
			isa = XCBuildConfiguration;
			baseConfigurationReference = F926B3AB7E182D43BC44744B /* Pods-RxMultiCounterTests.debug.xcconfig */;
			buildSettings = {
				BUNDLE_LOADER = "$(TEST_HOST)";
				CODE_SIGN_STYLE = Automatic;
				CURRENT_PROJECT_VERSION = 1;
				GENERATE_INFOPLIST_FILE = YES;
				LD_RUNPATH_SEARCH_PATHS = (
					"$(inherited)",
					"@executable_path/Frameworks",
					"@loader_path/Frameworks",
				);
				MARKETING_VERSION = 1.0;
				PRODUCT_BUNDLE_IDENTIFIER = com.google.danielt1263.RxMultiCounterTests;
				PRODUCT_NAME = "$(TARGET_NAME)";
				SWIFT_EMIT_LOC_STRINGS = NO;
				SWIFT_VERSION = 5.0;
				TARGETED_DEVICE_FAMILY = "1,2";
				TEST_HOST = "$(BUILT_PRODUCTS_DIR)/RxMultiCounter.app/RxMultiCounter";
			};
			name = Debug;
		};
		711EEDA02736F7F200F32157 /* Release */ = {
			isa = XCBuildConfiguration;
			baseConfigurationReference = 4622861B6367872DFB1D0C22 /* Pods-RxMultiCounterTests.release.xcconfig */;
			buildSettings = {
				BUNDLE_LOADER = "$(TEST_HOST)";
				CODE_SIGN_STYLE = Automatic;
				CURRENT_PROJECT_VERSION = 1;
				GENERATE_INFOPLIST_FILE = YES;
				LD_RUNPATH_SEARCH_PATHS = (
					"$(inherited)",
					"@executable_path/Frameworks",
					"@loader_path/Frameworks",
				);
				MARKETING_VERSION = 1.0;
				PRODUCT_BUNDLE_IDENTIFIER = com.google.danielt1263.RxMultiCounterTests;
				PRODUCT_NAME = "$(TARGET_NAME)";
				SWIFT_EMIT_LOC_STRINGS = NO;
				SWIFT_VERSION = 5.0;
				TARGETED_DEVICE_FAMILY = "1,2";
				TEST_HOST = "$(BUILT_PRODUCTS_DIR)/RxMultiCounter.app/RxMultiCounter";
			};
			name = Release;
		};
/* End XCBuildConfiguration section */

/* Begin XCConfigurationList section */
		711EED6C2736F7F100F32157 /* Build configuration list for PBXProject "RxMultiCounter" */ = {
			isa = XCConfigurationList;
			buildConfigurations = (
				711EED992736F7F200F32157 /* Debug */,
				711EED9A2736F7F200F32157 /* Release */,
			);
			defaultConfigurationIsVisible = 0;
			defaultConfigurationName = Release;
		};
		711EED9B2736F7F200F32157 /* Build configuration list for PBXNativeTarget "RxMultiCounter" */ = {
			isa = XCConfigurationList;
			buildConfigurations = (
				711EED9C2736F7F200F32157 /* Debug */,
				711EED9D2736F7F200F32157 /* Release */,
			);
			defaultConfigurationIsVisible = 0;
			defaultConfigurationName = Release;
		};
		711EED9E2736F7F200F32157 /* Build configuration list for PBXNativeTarget "RxMultiCounterTests" */ = {
			isa = XCConfigurationList;
			buildConfigurations = (
				711EED9F2736F7F200F32157 /* Debug */,
				711EEDA02736F7F200F32157 /* Release */,
			);
			defaultConfigurationIsVisible = 0;
			defaultConfigurationName = Release;
		};
/* End XCConfigurationList section */
	};
	rootObject = 711EED692736F7F100F32157 /* Project object */;
}
